
Microsoft Visual Studio Solution File, Format Version 12.00
# Visual Studio Version 17
VisualStudioVersion = 17.12.35527.113
MinimumVisualStudioVersion = 10.0.40219.1
Project("{FAE04EC0-301F-11D3-BF4B-00C04F79EFBC}") = "EasyKart.Orders", "EasyKart.Orders\EasyKart.Orders.csproj", "{C97833CD-4805-4D49-AACF-E69682D4E232}"
EndProject
Project("{2150E333-8FDC-42A3-9474-1A3956D46DE8}") = "Solution Items", "Solution Items", "{2F5BA07D-DD39-458B-A265-6DB8D3541387}"
	ProjectSection(SolutionItems) = preProject
		configmap.yaml = configmap.yaml
	EndProjectSection
EndProject
Global
	GlobalSection(SolutionConfigurationPlatforms) = preSolution
		Debug|Any CPU = Debug|Any CPU
		Release|Any CPU = Release|Any CPU
	EndGlobalSection
	GlobalSection(ProjectConfigurationPlatforms) = postSolution
		{C97833CD-4805-4D49-AACF-E69682D4E232}.Debug|Any CPU.ActiveCfg = Debug|Any CPU
		{C97833CD-4805-4D49-AACF-E69682D4E232}.Debug|Any CPU.Build.0 = Debug|Any CPU
		{C97833CD-4805-4D49-AACF-E69682D4E232}.Release|Any CPU.ActiveCfg = Release|Any CPU
		{C97833CD-4805-4D49-AACF-E69682D4E232}.Release|Any CPU.Build.0 = Release|Any CPU
	EndGlobalSection
	GlobalSection(SolutionProperties) = preSolution
		HideSolutionNode = FALSE
	EndGlobalSection
EndGlobal
